
Microsoft Visual Studio Solution File, Format Version 12.00
# Visual Studio Version 17
VisualStudioVersion = 17.5.002.0
MinimumVisualStudioVersion = 10.0.40219.1
Project("{9A19103F-16F7-4668-BE54-9A1E7A4F7556}") = "songece", "songece.csproj", "{00ACD61E-80FB-4572-8D52-3C052BAF1A42}"
EndProject
Global
	GlobalSection(SolutionConfigurationPlatforms) = preSolution
		Debug|Any CPU = Debug|Any CPU
		Release|Any CPU = Release|Any CPU
	EndGlobalSection
	GlobalSection(ProjectConfigurationPlatforms) = postSolution
		{00ACD61E-80FB-4572-8D52-3C052BAF1A42}.Debug|Any CPU.ActiveCfg = Debug|Any CPU
		{00ACD61E-80FB-4572-8D52-3C052BAF1A42}.Debug|Any CPU.Build.0 = Debug|Any CPU
		{00ACD61E-80FB-4572-8D52-3C052BAF1A42}.Release|Any CPU.ActiveCfg = Release|Any CPU
		{00ACD61E-80FB-4572-8D52-3C052BAF1A42}.Release|Any CPU.Build.0 = Release|Any CPU
	EndGlobalSection
	GlobalSection(SolutionProperties) = preSolution
		HideSolutionNode = FALSE
	EndGlobalSection
	GlobalSection(ExtensibilityGlobals) = postSolution
		SolutionGuid = {79FD9EAB-7EDE-4BDB-8589-2BD6FAE715B6}
	EndGlobalSection
EndGlobal
